{
  "version": 4,
  "terraform_version": "1.5.7",
  "serial": 18,
  "lineage": "a41d64b8-2497-310c-fc33-c6d290d1d6b8",
  "outputs": {},
  "resources": [
    {
      "mode": "managed",
      "type": "google_artifact_registry_repository",
      "name": "repo",
      "provider": "provider[\"registry.terraform.io/hashicorp/google\"]",
      "instances": [
        {
          "schema_version": 0,
          "attributes": {
            "cleanup_policies": [],
            "cleanup_policy_dry_run": false,
            "create_time": "2025-10-03T10:04:18.239923Z",
            "description": "Containers for Accident Reports frontend",
            "docker_config": [],
            "effective_labels": {},
            "format": "DOCKER",
            "id": "projects/gcp-agents-tests/locations/us-west1/repositories/web-app",
            "kms_key_name": "",
            "labels": null,
            "location": "us-west1",
            "maven_config": [],
            "mode": "STANDARD_REPOSITORY",
            "name": "web-app",
            "project": "gcp-agents-tests",
            "remote_repository_config": [],
            "repository_id": "web-app",
            "terraform_labels": {},
            "timeouts": null,
            "update_time": "2025-10-03T10:04:18.239923Z",
            "virtual_repository_config": []
          },
          "sensitive_attributes": [],
          "private": "eyJlMmJmYjczMC1lY2FhLTExZTYtOGY4OC0zNDM2M2JjN2M0YzAiOnsiY3JlYXRlIjoxMjAwMDAwMDAwMDAwLCJkZWxldGUiOjEyMDAwMDAwMDAwMDAsInVwZGF0ZSI6MTIwMDAwMDAwMDAwMH19"
        }
      ]
    },
    {
      "mode": "managed",
      "type": "google_cloud_run_service_iam_member",
      "name": "invoker",
      "provider": "provider[\"registry.terraform.io/hashicorp/google\"]",
      "instances": []
    },
    {
      "mode": "managed",
      "type": "google_cloud_run_v2_service",
      "name": "frontend",
      "provider": "provider[\"registry.terraform.io/hashicorp/google\"]",
      "instances": [
        {
          "status": "tainted",
          "schema_version": 0,
          "attributes": {
            "annotations": null,
            "binary_authorization": [],
            "client": null,
            "client_version": null,
            "conditions": null,
            "create_time": null,
            "creator": null,
            "custom_audiences": null,
            "delete_time": null,
            "description": null,
            "effective_annotations": null,
            "effective_labels": null,
            "etag": null,
            "expire_time": null,
            "generation": null,
            "id": "projects/gcp-agents-tests/locations/us-west1/services/accident-reports-frontend",
            "ingress": "INGRESS_TRAFFIC_ALL",
            "labels": null,
            "last_modifier": null,
            "latest_created_revision": null,
            "latest_ready_revision": null,
            "launch_stage": null,
            "location": "us-west1",
            "name": "accident-reports-frontend",
            "observed_generation": null,
            "project": "gcp-agents-tests",
            "reconciling": null,
            "template": [
              {
                "annotations": null,
                "containers": [
                  {
                    "args": null,
                    "command": null,
                    "depends_on": null,
                    "env": [
                      {
                        "name": "GCS_BUCKET",
                        "value": "gcp-agents-tests-report-artifacts",
                        "value_source": []
                      },
                      {
                        "name": "NODE_ENV",
                        "value": "production",
                        "value_source": []
                      }
                    ],
                    "image": "us-west1-docker.pkg.dev/gcp-agents-tests/web-app/accident-reports-frontend:latest",
                    "liveness_probe": [],
                    "name": "",
                    "ports": [],
                    "resources": [
                      {
                        "cpu_idle": true,
                        "limits": {
                          "cpu": "1",
                          "memory": "512Mi"
                        },
                        "startup_cpu_boost": false
                      }
                    ],
                    "startup_probe": [],
                    "volume_mounts": [],
                    "working_dir": ""
                  }
                ],
                "encryption_key": "",
                "execution_environment": "",
                "labels": null,
                "max_instance_request_concurrency": 0,
                "revision": "",
                "scaling": [
                  {
                    "max_instance_count": 3,
                    "min_instance_count": 0
                  }
                ],
                "service_account": "cr-frontend-sa@gcp-agents-tests.iam.gserviceaccount.com",
                "session_affinity": false,
                "timeout": "",
                "volumes": [],
                "vpc_access": []
              }
            ],
            "terminal_condition": null,
            "terraform_labels": null,
            "timeouts": null,
            "traffic": null,
            "traffic_statuses": null,
            "uid": null,
            "update_time": null,
            "uri": null
          },
          "sensitive_attributes": [],
          "private": "eyJlMmJmYjczMC1lY2FhLTExZTYtOGY4OC0zNDM2M2JjN2M0YzAiOnsiY3JlYXRlIjoxMjAwMDAwMDAwMDAwLCJkZWxldGUiOjEyMDAwMDAwMDAwMDAsInVwZGF0ZSI6MTIwMDAwMDAwMDAwMH19",
          "dependencies": [
            "google_artifact_registry_repository.repo",
            "google_project_service.apis",
            "google_service_account.run_sa"
          ]
        }
      ]
    },
    {
      "mode": "managed",
      "type": "google_project_service",
      "name": "apis",
      "provider": "provider[\"registry.terraform.io/hashicorp/google\"]",
      "instances": [
        {
          "index_key": "artifactregistry.googleapis.com",
          "schema_version": 0,
          "attributes": {
            "disable_dependent_services": null,
            "disable_on_destroy": true,
            "id": "gcp-agents-tests/artifactregistry.googleapis.com",
            "project": "gcp-agents-tests",
            "service": "artifactregistry.googleapis.com",
            "timeouts": null
          },
          "sensitive_attributes": [],
          "private": "eyJlMmJmYjczMC1lY2FhLTExZTYtOGY4OC0zNDM2M2JjN2M0YzAiOnsiY3JlYXRlIjoxMjAwMDAwMDAwMDAwLCJkZWxldGUiOjEyMDAwMDAwMDAwMDAsInJlYWQiOjYwMDAwMDAwMDAwMCwidXBkYXRlIjoxMjAwMDAwMDAwMDAwfX0="
        },
        {
          "index_key": "cloudbuild.googleapis.com",
          "schema_version": 0,
          "attributes": {
            "disable_dependent_services": null,
            "disable_on_destroy": true,
            "id": "gcp-agents-tests/cloudbuild.googleapis.com",
            "project": "gcp-agents-tests",
            "service": "cloudbuild.googleapis.com",
            "timeouts": null
          },
          "sensitive_attributes": [],
          "private": "eyJlMmJmYjczMC1lY2FhLTExZTYtOGY4OC0zNDM2M2JjN2M0YzAiOnsiY3JlYXRlIjoxMjAwMDAwMDAwMDAwLCJkZWxldGUiOjEyMDAwMDAwMDAwMDAsInJlYWQiOjYwMDAwMDAwMDAwMCwidXBkYXRlIjoxMjAwMDAwMDAwMDAwfX0="
        },
        {
          "index_key": "iam.googleapis.com",
          "schema_version": 0,
          "attributes": {
            "disable_dependent_services": null,
            "disable_on_destroy": true,
            "id": "gcp-agents-tests/iam.googleapis.com",
            "project": "gcp-agents-tests",
            "service": "iam.googleapis.com",
            "timeouts": null
          },
          "sensitive_attributes": [],
          "private": "eyJlMmJmYjczMC1lY2FhLTExZTYtOGY4OC0zNDM2M2JjN2M0YzAiOnsiY3JlYXRlIjoxMjAwMDAwMDAwMDAwLCJkZWxldGUiOjEyMDAwMDAwMDAwMDAsInJlYWQiOjYwMDAwMDAwMDAwMCwidXBkYXRlIjoxMjAwMDAwMDAwMDAwfX0="
        },
        {
          "index_key": "run.googleapis.com",
          "schema_version": 0,
          "attributes": {
            "disable_dependent_services": null,
            "disable_on_destroy": true,
            "id": "gcp-agents-tests/run.googleapis.com",
            "project": "gcp-agents-tests",
            "service": "run.googleapis.com",
            "timeouts": null
          },
          "sensitive_attributes": [],
          "private": "eyJlMmJmYjczMC1lY2FhLTExZTYtOGY4OC0zNDM2M2JjN2M0YzAiOnsiY3JlYXRlIjoxMjAwMDAwMDAwMDAwLCJkZWxldGUiOjEyMDAwMDAwMDAwMDAsInJlYWQiOjYwMDAwMDAwMDAwMCwidXBkYXRlIjoxMjAwMDAwMDAwMDAwfX0="
        },
        {
          "index_key": "storage.googleapis.com",
          "schema_version": 0,
          "attributes": {
            "disable_dependent_services": null,
            "disable_on_destroy": true,
            "id": "gcp-agents-tests/storage.googleapis.com",
            "project": "gcp-agents-tests",
            "service": "storage.googleapis.com",
            "timeouts": null
          },
          "sensitive_attributes": [],
          "private": "eyJlMmJmYjczMC1lY2FhLTExZTYtOGY4OC0zNDM2M2JjN2M0YzAiOnsiY3JlYXRlIjoxMjAwMDAwMDAwMDAwLCJkZWxldGUiOjEyMDAwMDAwMDAwMDAsInJlYWQiOjYwMDAwMDAwMDAwMCwidXBkYXRlIjoxMjAwMDAwMDAwMDAwfX0="
        }
      ]
    },
    {
      "mode": "managed",
      "type": "google_service_account",
      "name": "run_sa",
      "provider": "provider[\"registry.terraform.io/hashicorp/google\"]",
      "instances": [
        {
          "schema_version": 0,
          "attributes": {
            "account_id": "cr-frontend-sa",
            "create_ignore_already_exists": null,
            "description": "",
            "disabled": false,
            "display_name": "Cloud Run SA for accident reports",
            "email": "cr-frontend-sa@gcp-agents-tests.iam.gserviceaccount.com",
            "id": "projects/gcp-agents-tests/serviceAccounts/cr-frontend-sa@gcp-agents-tests.iam.gserviceaccount.com",
            "member": "serviceAccount:cr-frontend-sa@gcp-agents-tests.iam.gserviceaccount.com",
            "name": "projects/gcp-agents-tests/serviceAccounts/cr-frontend-sa@gcp-agents-tests.iam.gserviceaccount.com",
            "project": "gcp-agents-tests",
            "timeouts": null,
            "unique_id": "118404691098910709391"
          },
          "sensitive_attributes": [],
          "private": "eyJlMmJmYjczMC1lY2FhLTExZTYtOGY4OC0zNDM2M2JjN2M0YzAiOnsiY3JlYXRlIjozMDAwMDAwMDAwMDB9fQ=="
        }
      ]
    },
    {
      "mode": "managed",
      "type": "google_storage_bucket",
      "name": "reports",
      "provider": "provider[\"registry.terraform.io/hashicorp/google\"]",
      "instances": [
        {
          "schema_version": 2,
          "attributes": {
            "autoclass": [],
            "cors": [
              {
                "max_age_seconds": 3600,
                "method": [
                  "GET",
                  "HEAD",
                  "OPTIONS"
                ],
                "origin": [
                  "*"
                ],
                "response_header": [
                  "*"
                ]
              }
            ],
            "custom_placement_config": [],
            "default_event_based_hold": false,
            "effective_labels": {},
            "enable_object_retention": false,
            "encryption": [],
            "force_destroy": true,
            "id": "gcp-agents-tests-report-artifacts",
            "labels": null,
            "lifecycle_rule": [],
            "location": "US-WEST1",
            "logging": [],
            "name": "gcp-agents-tests-report-artifacts",
            "project": "gcp-agents-tests",
            "project_number": 487864823294,
            "public_access_prevention": "inherited",
            "requester_pays": false,
            "retention_policy": [],
            "rpo": null,
            "self_link": "https://www.googleapis.com/storage/v1/b/gcp-agents-tests-report-artifacts",
            "soft_delete_policy": [
              {
                "effective_time": "2025-10-03T10:04:00.440Z",
                "retention_duration_seconds": 604800
              }
            ],
            "storage_class": "STANDARD",
            "terraform_labels": {},
            "timeouts": null,
            "uniform_bucket_level_access": true,
            "url": "gs://gcp-agents-tests-report-artifacts",
            "versioning": [],
            "website": []
          },
          "sensitive_attributes": [],
          "private": "eyJlMmJmYjczMC1lY2FhLTExZTYtOGY4OC0zNDM2M2JjN2M0YzAiOnsiY3JlYXRlIjo2MDAwMDAwMDAwMDAsInJlYWQiOjI0MDAwMDAwMDAwMCwidXBkYXRlIjoyNDAwMDAwMDAwMDB9LCJzY2hlbWFfdmVyc2lvbiI6IjIifQ=="
        }
      ]
    },
    {
      "mode": "managed",
      "type": "google_storage_bucket_iam_member",
      "name": "public_read",
      "provider": "provider[\"registry.terraform.io/hashicorp/google\"]",
      "instances": [
        {
          "schema_version": 0,
          "attributes": {
            "bucket": "b/gcp-agents-tests-report-artifacts",
            "condition": [],
            "etag": "CAI=",
            "id": "b/gcp-agents-tests-report-artifacts/roles/storage.objectViewer/allUsers",
            "member": "allUsers",
            "role": "roles/storage.objectViewer"
          },
          "sensitive_attributes": [],
          "private": "bnVsbA==",
          "dependencies": [
            "google_storage_bucket.reports"
          ]
        }
      ]
    }
  ],
  "check_results": null
}
